
Microsoft Visual Studio Solution File, Format Version 12.00
# Visual Studio Version 16
VisualStudioVersion = 16.0.30413.136
MinimumVisualStudioVersion = 10.0.40219.1
Project("{FAE04EC0-301F-11D3-BF4B-00C04F79EFBC}") = "MIDI to microbit Converter", "MIDI to microbit Converter\MIDI to microbit Converter.csproj", "{8D07F99B-E359-4130-959E-77925C2260B3}"
EndProject
Global
	GlobalSection(SolutionConfigurationPlatforms) = preSolution
		Debug|Any CPU = Debug|Any CPU
		Release (x64)|x64 = Release (x64)|x64
		Release (x86)|x86 = Release (x86)|x86
	EndGlobalSection
	GlobalSection(ProjectConfigurationPlatforms) = postSolution
		{8D07F99B-E359-4130-959E-77925C2260B3}.Debug|Any CPU.ActiveCfg = Debug|Any CPU
		{8D07F99B-E359-4130-959E-77925C2260B3}.Debug|Any CPU.Build.0 = Debug|Any CPU
		{8D07F99B-E359-4130-959E-77925C2260B3}.Release (x64)|x64.ActiveCfg = Release (x64)|Any CPU
		{8D07F99B-E359-4130-959E-77925C2260B3}.Release (x64)|x64.Build.0 = Release (x64)|Any CPU
		{8D07F99B-E359-4130-959E-77925C2260B3}.Release (x86)|x86.ActiveCfg = Release (x86)|Any CPU
		{8D07F99B-E359-4130-959E-77925C2260B3}.Release (x86)|x86.Build.0 = Release (x86)|Any CPU
	EndGlobalSection
	GlobalSection(SolutionProperties) = preSolution
		HideSolutionNode = FALSE
	EndGlobalSection
	GlobalSection(ExtensibilityGlobals) = postSolution
		SolutionGuid = {5D3A9B53-9421-4AE5-95EE-F1D5A8CA71D9}
	EndGlobalSection
EndGlobal
